PODS:
  - Alamofire (4.5.1)
  - AlamofireObjectMapper (5.0.0):
    - Alamofire (~> 4.1)
    - ObjectMapper (~> 3.0)
  - Moya (10.0.0):
    - Moya/Core (= 10.0.0)
  - Moya/Core (10.0.0):
    - Alamofire (~> 4.1)
    - Result (~> 3.0)
  - ObjectMapper (3.1.0)
  - Result (3.2.4)

DEPENDENCIES:
  - Alamofire (~> 4.5.1)
  - AlamofireObjectMapper (from `https://github.com/tristanhimmelman/AlamofireObjectMapper.git`)
  - Moya

EXTERNAL SOURCES:
  AlamofireObjectMapper:
    :git: https://github.com/tristanhimmelman/AlamofireObjectMapper.git

CHECKOUT OPTIONS:
  AlamofireObjectMapper:
    :commit: d253f4dfdc30643ab7961beeb43301ac999baed9
    :git: https://github.com/tristanhimmelman/AlamofireObjectMapper.git

SPEC CHECKSUMS:
  Alamofire: 2d95912bf4c34f164fdfc335872e8c312acaea4a
  AlamofireObjectMapper: e1ff207b71715478ab69f12ca85112f37b139de8
  Moya: adb58b0f4e58430db43cc6e2f6ebab1836501186
  ObjectMapper: 20505058f54e5c3ca69e1d6de9897d152a5369a6
  Result: d2d07204ce72856f1fd9130bbe42c35a7b0fea10

PODFILE CHECKSUM: 49147b2a114273dbe6a4e095a84a895f22b54685

COCOAPODS: 1.3.1
